
Microsoft Visual Studio Solution File, Format Version 12.00
# Visual Studio Version 17
VisualStudioVersion = 17.5.002.0
MinimumVisualStudioVersion = 10.0.40219.1
Project("{9A19103F-16F7-4668-BE54-9A1E7A4F7556}") = "Sem2", "Sem2.csproj", "{BA7CC84B-F460-41D5-B4AE-087BA138AE28}"
EndProject
Global
	GlobalSection(SolutionConfigurationPlatforms) = preSolution
		Debug|Any CPU = Debug|Any CPU
		Release|Any CPU = Release|Any CPU
	EndGlobalSection
	GlobalSection(ProjectConfigurationPlatforms) = postSolution
		{BA7CC84B-F460-41D5-B4AE-087BA138AE28}.Debug|Any CPU.ActiveCfg = Debug|Any CPU
		{BA7CC84B-F460-41D5-B4AE-087BA138AE28}.Debug|Any CPU.Build.0 = Debug|Any CPU
		{BA7CC84B-F460-41D5-B4AE-087BA138AE28}.Release|Any CPU.ActiveCfg = Release|Any CPU
		{BA7CC84B-F460-41D5-B4AE-087BA138AE28}.Release|Any CPU.Build.0 = Release|Any CPU
	EndGlobalSection
	GlobalSection(SolutionProperties) = preSolution
		HideSolutionNode = FALSE
	EndGlobalSection
	GlobalSection(ExtensibilityGlobals) = postSolution
		SolutionGuid = {6110F9C6-1BEE-4E7C-8C9B-7C69FD0257DB}
	EndGlobalSection
EndGlobal
